// !$*UTF8*$!
{
	archiveVersion = 1;
	classes = {
	};
	objectVersion = 46;
	objects = {

/* Begin PBXBuildFile section */
		602095EF1AB22D5B00B66725 /* ExpenseHeaderView.swift in Sources */ = {isa = PBXBuildFile; fileRef = 602095EE1AB22D5B00B66725 /* ExpenseHeaderView.swift */; };
		605CAFCF1AB1E838001A1D95 /* AppDelegate.swift in Sources */ = {isa = PBXBuildFile; fileRef = 605CAFCE1AB1E838001A1D95 /* AppDelegate.swift */; };
		605CAFD11AB1E838001A1D95 /* BudgetListViewController.swift in Sources */ = {isa = PBXBuildFile; fileRef = 605CAFD01AB1E838001A1D95 /* BudgetListViewController.swift */; };
		605CAFD81AB1E838001A1D95 /* Images.xcassets in Resources */ = {isa = PBXBuildFile; fileRef = 605CAFD71AB1E838001A1D95 /* Images.xcassets */; };
		605CAFE71AB1E838001A1D95 /* TrckrTests.swift in Sources */ = {isa = PBXBuildFile; fileRef = 605CAFE61AB1E838001A1D95 /* TrckrTests.swift */; };
		605CAFF41AB1EE8A001A1D95 /* ExpenseItemViewCellTableViewCell.swift in Sources */ = {isa = PBXBuildFile; fileRef = 605CAFF31AB1EE8A001A1D95 /* ExpenseItemViewCellTableViewCell.swift */; };
/* End PBXBuildFile section */

/* Begin PBXContainerItemProxy section */
		605CAFE11AB1E838001A1D95 /* PBXContainerItemProxy */ = {
			isa = PBXContainerItemProxy;
			containerPortal = 605CAFC11AB1E838001A1D95 /* Project object */;
			proxyType = 1;
			remoteGlobalIDString = 605CAFC81AB1E838001A1D95;
			remoteInfo = Trckr;
		};
/* End PBXContainerItemProxy section */

/* Begin PBXFileReference section */
		602095EE1AB22D5B00B66725 /* ExpenseHeaderView.swift */ = {isa = PBXFileReference; fileEncoding = 4; lastKnownFileType = sourcecode.swift; path = ExpenseHeaderView.swift; sourceTree = "<group>"; };
		605CAFC91AB1E838001A1D95 /* Trckr.app */ = {isa = PBXFileReference; explicitFileType = wrapper.application; includeInIndex = 0; path = Trckr.app; sourceTree = BUILT_PRODUCTS_DIR; };
		605CAFCD1AB1E838001A1D95 /* Info.plist */ = {isa = PBXFileReference; lastKnownFileType = text.plist.xml; path = Info.plist; sourceTree = "<group>"; };
		605CAFCE1AB1E838001A1D95 /* AppDelegate.swift */ = {isa = PBXFileReference; lastKnownFileType = sourcecode.swift; path = AppDelegate.swift; sourceTree = "<group>"; };
		605CAFD01AB1E838001A1D95 /* BudgetListViewController.swift */ = {isa = PBXFileReference; lastKnownFileType = sourcecode.swift; path = BudgetListViewController.swift; sourceTree = "<group>"; };
		605CAFD71AB1E838001A1D95 /* Images.xcassets */ = {isa = PBXFileReference; lastKnownFileType = folder.assetcatalog; path = Images.xcassets; sourceTree = "<group>"; };
		605CAFE01AB1E838001A1D95 /* TrckrTests.xctest */ = {isa = PBXFileReference; explicitFileType = wrapper.cfbundle; includeInIndex = 0; path = TrckrTests.xctest; sourceTree = BUILT_PRODUCTS_DIR; };
		605CAFE51AB1E838001A1D95 /* Info.plist */ = {isa = PBXFileReference; lastKnownFileType = text.plist.xml; path = Info.plist; sourceTree = "<group>"; };
		605CAFE61AB1E838001A1D95 /* TrckrTests.swift */ = {isa = PBXFileReference; lastKnownFileType = sourcecode.swift; path = TrckrTests.swift; sourceTree = "<group>"; };
		605CAFF31AB1EE8A001A1D95 /* ExpenseItemViewCellTableViewCell.swift */ = {isa = PBXFileReference; fileEncoding = 4; lastKnownFileType = sourcecode.swift; path = ExpenseItemViewCellTableViewCell.swift; sourceTree = "<group>"; };
/* End PBXFileReference section */

/* Begin PBXFrameworksBuildPhase section */
		605CAFC61AB1E838001A1D95 /* Frameworks */ = {
			isa = PBXFrameworksBuildPhase;
			buildActionMask = 2147483647;
			files = (
			);
			runOnlyForDeploymentPostprocessing = 0;
		};
		605CAFDD1AB1E838001A1D95 /* Frameworks */ = {
			isa = PBXFrameworksBuildPhase;
			buildActionMask = 2147483647;
			files = (
			);
			runOnlyForDeploymentPostprocessing = 0;
		};
/* End PBXFrameworksBuildPhase section */

/* Begin PBXGroup section */
		605CAFC01AB1E838001A1D95 = {
			isa = PBXGroup;
			children = (
				605CAFCB1AB1E838001A1D95 /* Trckr */,
				605CAFE31AB1E838001A1D95 /* TrckrTests */,
				605CAFCA1AB1E838001A1D95 /* Products */,
			);
			sourceTree = "<group>";
		};
		605CAFCA1AB1E838001A1D95 /* Products */ = {
			isa = PBXGroup;
			children = (
				605CAFC91AB1E838001A1D95 /* Trckr.app */,
				605CAFE01AB1E838001A1D95 /* TrckrTests.xctest */,
			);
			name = Products;
			sourceTree = "<group>";
		};
		605CAFCB1AB1E838001A1D95 /* Trckr */ = {
			isa = PBXGroup;
			children = (
				605CAFF01AB1EA97001A1D95 /* Classes */,
				605CAFD71AB1E838001A1D95 /* Images.xcassets */,
				605CAFCC1AB1E838001A1D95 /* Supporting Files */,
			);
			path = Trckr;
			sourceTree = "<group>";
		};
		605CAFCC1AB1E838001A1D95 /* Supporting Files */ = {
			isa = PBXGroup;
			children = (
				605CAFCD1AB1E838001A1D95 /* Info.plist */,
			);
			name = "Supporting Files";
			sourceTree = "<group>";
		};
		605CAFE31AB1E838001A1D95 /* TrckrTests */ = {
			isa = PBXGroup;
			children = (
				605CAFE61AB1E838001A1D95 /* TrckrTests.swift */,
				605CAFE41AB1E838001A1D95 /* Supporting Files */,
			);
			path = TrckrTests;
			sourceTree = "<group>";
		};
		605CAFE41AB1E838001A1D95 /* Supporting Files */ = {
			isa = PBXGroup;
			children = (
				605CAFE51AB1E838001A1D95 /* Info.plist */,
			);
			name = "Supporting Files";
			sourceTree = "<group>";
		};
		605CAFF01AB1EA97001A1D95 /* Classes */ = {
			isa = PBXGroup;
			children = (
				605CAFF21AB1EDEB001A1D95 /* view */,
				605CAFF11AB1EA9F001A1D95 /* controller */,
				605CAFCE1AB1E838001A1D95 /* AppDelegate.swift */,
			);
			name = Classes;
			sourceTree = "<group>";
		};
		605CAFF11AB1EA9F001A1D95 /* controller */ = {
			isa = PBXGroup;
			children = (
				605CAFD01AB1E838001A1D95 /* BudgetListViewController.swift */,
			);
			name = controller;
			sourceTree = "<group>";
		};
		605CAFF21AB1EDEB001A1D95 /* view */ = {
			isa = PBXGroup;
			children = (
				605CAFF31AB1EE8A001A1D95 /* ExpenseItemViewCellTableViewCell.swift */,
				602095EE1AB22D5B00B66725 /* ExpenseHeaderView.swift */,
			);
			name = view;
			sourceTree = "<group>";
		};
/* End PBXGroup section */

/* Begin PBXNativeTarget section */
		605CAFC81AB1E838001A1D95 /* Trckr */ = {
			isa = PBXNativeTarget;
			buildConfigurationList = 605CAFEA1AB1E838001A1D95 /* Build configuration list for PBXNativeTarget "Trckr" */;
			buildPhases = (
				605CAFC51AB1E838001A1D95 /* Sources */,
				605CAFC61AB1E838001A1D95 /* Frameworks */,
				605CAFC71AB1E838001A1D95 /* Resources */,
			);
			buildRules = (
			);
			dependencies = (
			);
			name = Trckr;
			productName = Trckr;
			productReference = 605CAFC91AB1E838001A1D95 /* Trckr.app */;
			productType = "com.apple.product-type.application";
		};
		605CAFDF1AB1E838001A1D95 /* TrckrTests */ = {
			isa = PBXNativeTarget;
			buildConfigurationList = 605CAFED1AB1E838001A1D95 /* Build configuration list for PBXNativeTarget "TrckrTests" */;
			buildPhases = (
				605CAFDC1AB1E838001A1D95 /* Sources */,
				605CAFDD1AB1E838001A1D95 /* Frameworks */,
				605CAFDE1AB1E838001A1D95 /* Resources */,
			);
			buildRules = (
			);
			dependencies = (
				605CAFE21AB1E838001A1D95 /* PBXTargetDependency */,
			);
			name = TrckrTests;
			productName = TrckrTests;
			productReference = 605CAFE01AB1E838001A1D95 /* TrckrTests.xctest */;
			productType = "com.apple.product-type.bundle.unit-test";
		};
/* End PBXNativeTarget section */

/* Begin PBXProject section */
		605CAFC11AB1E838001A1D95 /* Project object */ = {
			isa = PBXProject;
			attributes = {
				LastUpgradeCheck = 0620;
				ORGANIZATIONNAME = boxedfolder.com;
				TargetAttributes = {
					605CAFC81AB1E838001A1D95 = {
						CreatedOnToolsVersion = 6.2;
					};
					605CAFDF1AB1E838001A1D95 = {
						CreatedOnToolsVersion = 6.2;
						TestTargetID = 605CAFC81AB1E838001A1D95;
					};
				};
			};
			buildConfigurationList = 605CAFC41AB1E838001A1D95 /* Build configuration list for PBXProject "Trckr" */;
			compatibilityVersion = "Xcode 3.2";
			developmentRegion = English;
			hasScannedForEncodings = 0;
			knownRegions = (
				en,
				Base,
			);
			mainGroup = 605CAFC01AB1E838001A1D95;
			productRefGroup = 605CAFCA1AB1E838001A1D95 /* Products */;
			projectDirPath = "";
			projectRoot = "";
			targets = (
				605CAFC81AB1E838001A1D95 /* Trckr */,
				605CAFDF1AB1E838001A1D95 /* TrckrTests */,
			);
		};
/* End PBXProject section */

/* Begin PBXResourcesBuildPhase section */
		605CAFC71AB1E838001A1D95 /* Resources */ = {
			isa = PBXResourcesBuildPhase;
			buildActionMask = 2147483647;
			files = (
				605CAFD81AB1E838001A1D95 /* Images.xcassets in Resources */,
			);
			runOnlyForDeploymentPostprocessing = 0;
		};
		605CAFDE1AB1E838001A1D95 /* Resources */ = {
			isa = PBXResourcesBuildPhase;
			buildActionMask = 2147483647;
			files = (
			);
			runOnlyForDeploymentPostprocessing = 0;
		};
/* End PBXResourcesBuildPhase section */

/* Begin PBXSourcesBuildPhase section */
		605CAFC51AB1E838001A1D95 /* Sources */ = {
			isa = PBXSourcesBuildPhase;
			buildActionMask = 2147483647;
			files = (
				605CAFF41AB1EE8A001A1D95 /* ExpenseItemViewCellTableViewCell.swift in Sources */,
				605CAFD11AB1E838001A1D95 /* BudgetListViewController.swift in Sources */,
				602095EF1AB22D5B00B66725 /* ExpenseHeaderView.swift in Sources */,
				605CAFCF1AB1E838001A1D95 /* AppDelegate.swift in Sources */,
			);
			runOnlyForDeploymentPostprocessing = 0;
		};
		605CAFDC1AB1E838001A1D95 /* Sources */ = {
			isa = PBXSourcesBuildPhase;
			buildActionMask = 2147483647;
			files = (
				605CAFE71AB1E838001A1D95 /* TrckrTests.swift in Sources */,
			);
			runOnlyForDeploymentPostprocessing = 0;
		};
/* End PBXSourcesBuildPhase section */

/* Begin PBXTargetDependency section */
		605CAFE21AB1E838001A1D95 /* PBXTargetDependency */ = {
			isa = PBXTargetDependency;
			target = 605CAFC81AB1E838001A1D95 /* Trckr */;
			targetProxy = 605CAFE11AB1E838001A1D95 /* PBXContainerItemProxy */;
		};
/* End PBXTargetDependency section */

/* Begin XCBuildConfiguration section */
		605CAFE81AB1E838001A1D95 /* Debug */ = {
			isa = XCBuildConfiguration;
			buildSettings = {
				ALWAYS_SEARCH_USER_PATHS = NO;
				CLANG_CXX_LANGUAGE_STANDARD = "gnu++0x";
				CLANG_CXX_LIBRARY = "libc++";
				CLANG_ENABLE_MODULES = YES;
				CLANG_ENABLE_OBJC_ARC = YES;
				CLANG_WARN_BOOL_CONVERSION = YES;
				CLANG_WARN_CONSTANT_CONVERSION = YES;
				CLANG_WARN_DIRECT_OBJC_ISA_USAGE = YES_ERROR;
				CLANG_WARN_EMPTY_BODY = YES;
				CLANG_WARN_ENUM_CONVERSION = YES;
				CLANG_WARN_INT_CONVERSION = YES;
				CLANG_WARN_OBJC_ROOT_CLASS = YES_ERROR;
				CLANG_WARN_UNREACHABLE_CODE = YES;
				CLANG_WARN__DUPLICATE_METHOD_MATCH = YES;
				"CODE_SIGN_IDENTITY[sdk=iphoneos*]" = "iPhone Developer";
				COPY_PHASE_STRIP = NO;
				ENABLE_STRICT_OBJC_MSGSEND = YES;
				GCC_C_LANGUAGE_STANDARD = gnu99;
				GCC_DYNAMIC_NO_PIC = NO;
				GCC_OPTIMIZATION_LEVEL = 0;
				GCC_PREPROCESSOR_DEFINITIONS = (
					"DEBUG=1",
					"$(inherited)",
				);
				GCC_SYMBOLS_PRIVATE_EXTERN = NO;
				GCC_WARN_64_TO_32_BIT_CONVERSION = YES;
				GCC_WARN_ABOUT_RETURN_TYPE = YES_ERROR;
				GCC_WARN_UNDECLARED_SELECTOR = YES;
				GCC_WARN_UNINITIALIZED_AUTOS = YES_AGGRESSIVE;
				GCC_WARN_UNUSED_FUNCTION = YES;
				GCC_WARN_UNUSED_VARIABLE = YES;
				IPHONEOS_DEPLOYMENT_TARGET = 8.2;
				MTL_ENABLE_DEBUG_INFO = YES;
				ONLY_ACTIVE_ARCH = YES;
				SDKROOT = iphoneos;
				SWIFT_OPTIMIZATION_LEVEL = "-Onone";
				TARGETED_DEVICE_FAMILY = "1,2";
			};
			name = Debug;
		};
		605CAFE91AB1E838001A1D95 /* Release */ = {
			isa = XCBuildConfiguration;
			buildSettings = {
				ALWAYS_SEARCH_USER_PATHS = NO;
				CLANG_CXX_LANGUAGE_STANDARD = "gnu++0x";
				CLANG_CXX_LIBRARY = "libc++";
				CLANG_ENABLE_MODULES = YES;
				CLANG_ENABLE_OBJC_ARC = YES;
				CLANG_WARN_BOOL_CONVERSION = YES;
				CLANG_WARN_CONSTANT_CONVERSION = YES;
				CLANG_WARN_DIRECT_OBJC_ISA_USAGE = YES_ERROR;
				CLANG_WARN_EMPTY_BODY = YES;
				CLANG_WARN_ENUM_CONVERSION = YES;
				CLANG_WARN_INT_CONVERSION = YES;
				CLANG_WARN_OBJC_ROOT_CLASS = YES_ERROR;
				CLANG_WARN_UNREACHABLE_CODE = YES;
				CLANG_WARN__DUPLICATE_METHOD_MATCH = YES;
				"CODE_SIGN_IDENTITY[sdk=iphoneos*]" = "iPhone Developer";
				COPY_PHASE_STRIP = NO;
				ENABLE_NS_ASSERTIONS = NO;
				ENABLE_STRICT_OBJC_MSGSEND = YES;
				GCC_C_LANGUAGE_STANDARD = gnu99;
				GCC_WARN_64_TO_32_BIT_CONVERSION = YES;
				GCC_WARN_ABOUT_RETURN_TYPE = YES_ERROR;
				GCC_WARN_UNDECLARED_SELECTOR = YES;
				GCC_WARN_UNINITIALIZED_AUTOS = YES_AGGRESSIVE;
				GCC_WARN_UNUSED_FUNCTION = YES;
				GCC_WARN_UNUSED_VARIABLE = YES;
				IPHONEOS_DEPLOYMENT_TARGET = 8.2;
				MTL_ENABLE_DEBUG_INFO = NO;
				SDKROOT = iphoneos;
				TARGETED_DEVICE_FAMILY = "1,2";
				VALIDATE_PRODUCT = YES;
			};
			name = Release;
		};
		605CAFEB1AB1E838001A1D95 /* Debug */ = {
			isa = XCBuildConfiguration;
			buildSettings = {
				ASSETCATALOG_COMPILER_APPICON_NAME = AppIcon;
				INFOPLIST_FILE = Trckr/Info.plist;
				LD_RUNPATH_SEARCH_PATHS = "$(inherited) @executable_path/Frameworks";
				PRODUCT_NAME = "$(TARGET_NAME)";
			};
			name = Debug;
		};
		605CAFEC1AB1E838001A1D95 /* Release */ = {
			isa = XCBuildConfiguration;
			buildSettings = {
				ASSETCATALOG_COMPILER_APPICON_NAME = AppIcon;
				INFOPLIST_FILE = Trckr/Info.plist;
				LD_RUNPATH_SEARCH_PATHS = "$(inherited) @executable_path/Frameworks";
				PRODUCT_NAME = "$(TARGET_NAME)";
			};
			name = Release;
		};
		605CAFEE1AB1E838001A1D95 /* Debug */ = {
			isa = XCBuildConfiguration;
			buildSettings = {
				BUNDLE_LOADER = "$(TEST_HOST)";
				FRAMEWORK_SEARCH_PATHS = (
					"$(SDKROOT)/Developer/Library/Frameworks",
					"$(inherited)",
				);
				GCC_PREPROCESSOR_DEFINITIONS = (
					"DEBUG=1",
					"$(inherited)",
				);
				INFOPLIST_FILE = TrckrTests/Info.plist;
				LD_RUNPATH_SEARCH_PATHS = "$(inherited) @executable_path/Frameworks @loader_path/Frameworks";
				PRODUCT_NAME = "$(TARGET_NAME)";
				TEST_HOST = "$(BUILT_PRODUCTS_DIR)/Trckr.app/Trckr";
			};
			name = Debug;
		};
		605CAFEF1AB1E838001A1D95 /* Release */ = {
			isa = XCBuildConfiguration;
			buildSettings = {
				BUNDLE_LOADER = "$(TEST_HOST)";
				FRAMEWORK_SEARCH_PATHS = (
					"$(SDKROOT)/Developer/Library/Frameworks",
					"$(inherited)",
				);
				INFOPLIST_FILE = TrckrTests/Info.plist;
				LD_RUNPATH_SEARCH_PATHS = "$(inherited) @executable_path/Frameworks @loader_path/Frameworks";
				PRODUCT_NAME = "$(TARGET_NAME)";
				TEST_HOST = "$(BUILT_PRODUCTS_DIR)/Trckr.app/Trckr";
			};
			name = Release;
		};
/* End XCBuildConfiguration section */

/* Begin XCConfigurationList section */
		605CAFC41AB1E838001A1D95 /* Build configuration list for PBXProject "Trckr" */ = {
			isa = XCConfigurationList;
			buildConfigurations = (
				605CAFE81AB1E838001A1D95 /* Debug */,
				605CAFE91AB1E838001A1D95 /* Release */,
			);
			defaultConfigurationIsVisible = 0;
			defaultConfigurationName = Release;
		};
		605CAFEA1AB1E838001A1D95 /* Build configuration list for PBXNativeTarget "Trckr" */ = {
			isa = XCConfigurationList;
			buildConfigurations = (
				605CAFEB1AB1E838001A1D95 /* Debug */,
				605CAFEC1AB1E838001A1D95 /* Release */,
			);
			defaultConfigurationIsVisible = 0;
			defaultConfigurationName = Release;
		};
		605CAFED1AB1E838001A1D95 /* Build configuration list for PBXNativeTarget "TrckrTests" */ = {
			isa = XCConfigurationList;
			buildConfigurations = (
				605CAFEE1AB1E838001A1D95 /* Debug */,
				605CAFEF1AB1E838001A1D95 /* Release */,
			);
			defaultConfigurationIsVisible = 0;
			defaultConfigurationName = Release;
		};
/* End XCConfigurationList section */
	};
	rootObject = 605CAFC11AB1E838001A1D95 /* Project object */;
}
